
Microsoft Visual Studio Solution File, Format Version 12.00
# Visual Studio Version 17
VisualStudioVersion = 17.4.33213.308
MinimumVisualStudioVersion = 10.0.40219.1
Project("{FAE04EC0-301F-11D3-BF4B-00C04F79EFBC}") = "kolekcje_2", "kolekcje_2.csproj", "{3C95F99A-D803-4DA8-B66B-EA343D8ECE41}"
EndProject
Global
	GlobalSection(SolutionConfigurationPlatforms) = preSolution
		Debug|Any CPU = Debug|Any CPU
		Release|Any CPU = Release|Any CPU
	EndGlobalSection
	GlobalSection(ProjectConfigurationPlatforms) = postSolution
		{3C95F99A-D803-4DA8-B66B-EA343D8ECE41}.Debug|Any CPU.ActiveCfg = Debug|Any CPU
		{3C95F99A-D803-4DA8-B66B-EA343D8ECE41}.Debug|Any CPU.Build.0 = Debug|Any CPU
		{3C95F99A-D803-4DA8-B66B-EA343D8ECE41}.Release|Any CPU.ActiveCfg = Release|Any CPU
		{3C95F99A-D803-4DA8-B66B-EA343D8ECE41}.Release|Any CPU.Build.0 = Release|Any CPU
	EndGlobalSection
	GlobalSection(SolutionProperties) = preSolution
		HideSolutionNode = FALSE
	EndGlobalSection
	GlobalSection(ExtensibilityGlobals) = postSolution
		SolutionGuid = {172BDFAD-260B-428E-A668-A97474CCF8D4}
	EndGlobalSection
EndGlobal
